
Microsoft Visual Studio Solution File, Format Version 12.00
# Visual Studio 2012
Project("{8BC9CEB8-8B4A-11D0-8D11-00A0C91BC942}") = "Application", "Application.vcxproj", "{1271E411-EAE7-487A-9E70-35B7A4090FE6}"
EndProject
Global
	GlobalSection(SolutionConfigurationPlatforms) = preSolution
		Debug|Win32 = Debug|Win32
		Release|Win32 = Release|Win32
	EndGlobalSection
	GlobalSection(ProjectConfigurationPlatforms) = postSolution
		{1271E411-EAE7-487A-9E70-35B7A4090FE6}.Debug|Win32.ActiveCfg = Debug|Win32
		{1271E411-EAE7-487A-9E70-35B7A4090FE6}.Debug|Win32.Build.0 = Debug|Win32
		{1271E411-EAE7-487A-9E70-35B7A4090FE6}.Release|Win32.ActiveCfg = Release|Win32
		{1271E411-EAE7-487A-9E70-35B7A4090FE6}.Release|Win32.Build.0 = Release|Win32
	EndGlobalSection
	GlobalSection(SolutionProperties) = preSolution
		HideSolutionNode = FALSE
	EndGlobalSection
EndGlobal
